{
  "requires": true,
  "lockfileVersion": 1,
  "dependencies": {
    "@irojs/iro-core": {
      "version": "1.0.0",
      "resolved": "https://registry.npmjs.org/@irojs/iro-core/-/iro-core-1.0.0.tgz",
      "integrity": "sha512-7vup43KLDtLuurfVXmhFnnNxtDVQ5JvjQglo5yZDM5DcHwSF3XeEjyeerM5nE6Me1QmAoKRGNDz4QVhzQI1OBw=="
    },
    "@jaames/iro": {
      "version": "5.1.8",
      "resolved": "https://registry.npmjs.org/@jaames/iro/-/iro-5.1.8.tgz",
      "integrity": "sha512-jsFNYbbSVDQojo9WFf54HD9QxF41FQiPDvDx3wDTLJQSydlbhCzTiGpOSrPNsCfWaqHVuq8QEStrbsXGQOhDlA==",
      "requires": {
        "@irojs/iro-core": "^1.0.0",
        "preact": "^10.0.0"
      }
    },
    "preact": {
      "version": "10.4.6",
      "resolved": "https://registry.npmjs.org/preact/-/preact-10.4.6.tgz",
      "integrity": "sha512-80WJfXH53yyINig5Wza/8MD9n4lMg9G6aN00ws0ptsAaY/Fu/M7xW4zICf7OLfocVltxS30wvNQ8oIbUyZS1tw=="
    }
  }
}
